
Microsoft Visual Studio Solution File, Format Version 12.00
# Visual Studio 2013
VisualStudioVersion = 12.0.30723.0
MinimumVisualStudioVersion = 10.0.40219.1
Project("{FAE04EC0-301F-11D3-BF4B-00C04F79EFBC}") = "MassTransitStudy.Messages", "MassTransitStudy.Messages\MassTransitStudy.Messages.csproj", "{DBED6901-1BD2-4188-8FA8-CEB6F6D40B2B}"
EndProject
Project("{FAE04EC0-301F-11D3-BF4B-00C04F79EFBC}") = "MassTransitStudy.Web", "MassTransitStudy.Web\MassTransitStudy.Web.csproj", "{A6FA34A7-87F5-4A2F-BA90-9BE07456A04E}"
EndProject
Project("{FAE04EC0-301F-11D3-BF4B-00C04F79EFBC}") = "MassTransitStudy.Web.Tests", "MassTransitStudy.Web.Tests\MassTransitStudy.Web.Tests.csproj", "{67A71567-68A2-4F10-BD70-289D33F70D3B}"
EndProject
Project("{FAE04EC0-301F-11D3-BF4B-00C04F79EFBC}") = "MassTransitStudy.Messenger", "MassTransitStudy.Messenger\MassTransitStudy.Messenger.csproj", "{43F082ED-EA1D-476C-9B79-B0F4D7335E81}"
EndProject
Project("{FAE04EC0-301F-11D3-BF4B-00C04F79EFBC}") = "MassTransitStudy.Purser", "MassTransitStudy.Purser\MassTransitStudy.Purser.csproj", "{3425B625-F9FC-4C89-8C82-89B343C2E7A3}"
EndProject
Project("{2150E333-8FDC-42A3-9474-1A3956D46DE8}") = "Misc", "Misc", "{07244168-55EE-42F8-9D1A-05A57731F0F9}"
	ProjectSection(SolutionItems) = preProject
		README.md = README.md
	EndProjectSection
EndProject
Project("{FAE04EC0-301F-11D3-BF4B-00C04F79EFBC}") = "MassTransitStudy.Api", "MassTransitStudy.Api\MassTransitStudy.Api.csproj", "{AB7E3F65-7F2A-4045-851B-71CD583F93E8}"
EndProject
Project("{FAE04EC0-301F-11D3-BF4B-00C04F79EFBC}") = "MassTransitStudy.Api.Tests", "MassTransitStudy.Api.Tests\MassTransitStudy.Api.Tests.csproj", "{F13126A2-9429-43FD-A4D5-CE2915C626F7}"
EndProject
Project("{9092AA53-FB77-4645-B42D-1CCCA6BD08BD}") = "MassTransitStudy.NodejsExpress", "MassTransitStudy.NodejsExpress\MassTransitStudy.NodejsExpress.njsproj", "{334966CC-1AB2-403A-8F40-75CE3E2D0DAA}"
EndProject
Project("{FAE04EC0-301F-11D3-BF4B-00C04F79EFBC}") = "MassTransitStudy.WinPhoneApp", "MassTransitStudy.WinPhoneApp\MassTransitStudy.WinPhoneApp.csproj", "{6CB51AE9-57C3-4FD2-AAEA-38D281662211}"
EndProject
Global
	GlobalSection(SolutionConfigurationPlatforms) = preSolution
		Debug|Any CPU = Debug|Any CPU
		Debug|ARM = Debug|ARM
		Debug|x86 = Debug|x86
		Release|Any CPU = Release|Any CPU
		Release|ARM = Release|ARM
		Release|x86 = Release|x86
	EndGlobalSection
	GlobalSection(ProjectConfigurationPlatforms) = postSolution
		{DBED6901-1BD2-4188-8FA8-CEB6F6D40B2B}.Debug|Any CPU.ActiveCfg = Debug|Any CPU
		{DBED6901-1BD2-4188-8FA8-CEB6F6D40B2B}.Debug|Any CPU.Build.0 = Debug|Any CPU
		{DBED6901-1BD2-4188-8FA8-CEB6F6D40B2B}.Debug|ARM.ActiveCfg = Debug|Any CPU
		{DBED6901-1BD2-4188-8FA8-CEB6F6D40B2B}.Debug|x86.ActiveCfg = Debug|Any CPU
		{DBED6901-1BD2-4188-8FA8-CEB6F6D40B2B}.Release|Any CPU.ActiveCfg = Release|Any CPU
		{DBED6901-1BD2-4188-8FA8-CEB6F6D40B2B}.Release|Any CPU.Build.0 = Release|Any CPU
		{DBED6901-1BD2-4188-8FA8-CEB6F6D40B2B}.Release|ARM.ActiveCfg = Release|Any CPU
		{DBED6901-1BD2-4188-8FA8-CEB6F6D40B2B}.Release|x86.ActiveCfg = Release|Any CPU
		{A6FA34A7-87F5-4A2F-BA90-9BE07456A04E}.Debug|Any CPU.ActiveCfg = Debug|Any CPU
		{A6FA34A7-87F5-4A2F-BA90-9BE07456A04E}.Debug|Any CPU.Build.0 = Debug|Any CPU
		{A6FA34A7-87F5-4A2F-BA90-9BE07456A04E}.Debug|ARM.ActiveCfg = Debug|Any CPU
		{A6FA34A7-87F5-4A2F-BA90-9BE07456A04E}.Debug|x86.ActiveCfg = Debug|Any CPU
		{A6FA34A7-87F5-4A2F-BA90-9BE07456A04E}.Release|Any CPU.ActiveCfg = Release|Any CPU
		{A6FA34A7-87F5-4A2F-BA90-9BE07456A04E}.Release|Any CPU.Build.0 = Release|Any CPU
		{A6FA34A7-87F5-4A2F-BA90-9BE07456A04E}.Release|ARM.ActiveCfg = Release|Any CPU
		{A6FA34A7-87F5-4A2F-BA90-9BE07456A04E}.Release|x86.ActiveCfg = Release|Any CPU
		{67A71567-68A2-4F10-BD70-289D33F70D3B}.Debug|Any CPU.ActiveCfg = Debug|Any CPU
		{67A71567-68A2-4F10-BD70-289D33F70D3B}.Debug|Any CPU.Build.0 = Debug|Any CPU
		{67A71567-68A2-4F10-BD70-289D33F70D3B}.Debug|ARM.ActiveCfg = Debug|Any CPU
		{67A71567-68A2-4F10-BD70-289D33F70D3B}.Debug|x86.ActiveCfg = Debug|Any CPU
		{67A71567-68A2-4F10-BD70-289D33F70D3B}.Release|Any CPU.ActiveCfg = Release|Any CPU
		{67A71567-68A2-4F10-BD70-289D33F70D3B}.Release|Any CPU.Build.0 = Release|Any CPU
		{67A71567-68A2-4F10-BD70-289D33F70D3B}.Release|ARM.ActiveCfg = Release|Any CPU
		{67A71567-68A2-4F10-BD70-289D33F70D3B}.Release|x86.ActiveCfg = Release|Any CPU
		{43F082ED-EA1D-476C-9B79-B0F4D7335E81}.Debug|Any CPU.ActiveCfg = Debug|Any CPU
		{43F082ED-EA1D-476C-9B79-B0F4D7335E81}.Debug|Any CPU.Build.0 = Debug|Any CPU
		{43F082ED-EA1D-476C-9B79-B0F4D7335E81}.Debug|ARM.ActiveCfg = Debug|Any CPU
		{43F082ED-EA1D-476C-9B79-B0F4D7335E81}.Debug|x86.ActiveCfg = Debug|Any CPU
		{43F082ED-EA1D-476C-9B79-B0F4D7335E81}.Release|Any CPU.ActiveCfg = Release|Any CPU
		{43F082ED-EA1D-476C-9B79-B0F4D7335E81}.Release|Any CPU.Build.0 = Release|Any CPU
		{43F082ED-EA1D-476C-9B79-B0F4D7335E81}.Release|ARM.ActiveCfg = Release|Any CPU
		{43F082ED-EA1D-476C-9B79-B0F4D7335E81}.Release|x86.ActiveCfg = Release|Any CPU
		{3425B625-F9FC-4C89-8C82-89B343C2E7A3}.Debug|Any CPU.ActiveCfg = Debug|Any CPU
		{3425B625-F9FC-4C89-8C82-89B343C2E7A3}.Debug|Any CPU.Build.0 = Debug|Any CPU
		{3425B625-F9FC-4C89-8C82-89B343C2E7A3}.Debug|ARM.ActiveCfg = Debug|Any CPU
		{3425B625-F9FC-4C89-8C82-89B343C2E7A3}.Debug|x86.ActiveCfg = Debug|Any CPU
		{3425B625-F9FC-4C89-8C82-89B343C2E7A3}.Release|Any CPU.ActiveCfg = Release|Any CPU
		{3425B625-F9FC-4C89-8C82-89B343C2E7A3}.Release|Any CPU.Build.0 = Release|Any CPU
		{3425B625-F9FC-4C89-8C82-89B343C2E7A3}.Release|ARM.ActiveCfg = Release|Any CPU
		{3425B625-F9FC-4C89-8C82-89B343C2E7A3}.Release|x86.ActiveCfg = Release|Any CPU
		{AB7E3F65-7F2A-4045-851B-71CD583F93E8}.Debug|Any CPU.ActiveCfg = Debug|Any CPU
		{AB7E3F65-7F2A-4045-851B-71CD583F93E8}.Debug|Any CPU.Build.0 = Debug|Any CPU
		{AB7E3F65-7F2A-4045-851B-71CD583F93E8}.Debug|ARM.ActiveCfg = Debug|Any CPU
		{AB7E3F65-7F2A-4045-851B-71CD583F93E8}.Debug|x86.ActiveCfg = Debug|Any CPU
		{AB7E3F65-7F2A-4045-851B-71CD583F93E8}.Release|Any CPU.ActiveCfg = Release|Any CPU
		{AB7E3F65-7F2A-4045-851B-71CD583F93E8}.Release|Any CPU.Build.0 = Release|Any CPU
		{AB7E3F65-7F2A-4045-851B-71CD583F93E8}.Release|ARM.ActiveCfg = Release|Any CPU
		{AB7E3F65-7F2A-4045-851B-71CD583F93E8}.Release|x86.ActiveCfg = Release|Any CPU
		{F13126A2-9429-43FD-A4D5-CE2915C626F7}.Debug|Any CPU.ActiveCfg = Debug|Any CPU
		{F13126A2-9429-43FD-A4D5-CE2915C626F7}.Debug|Any CPU.Build.0 = Debug|Any CPU
		{F13126A2-9429-43FD-A4D5-CE2915C626F7}.Debug|ARM.ActiveCfg = Debug|Any CPU
		{F13126A2-9429-43FD-A4D5-CE2915C626F7}.Debug|x86.ActiveCfg = Debug|Any CPU
		{F13126A2-9429-43FD-A4D5-CE2915C626F7}.Release|Any CPU.ActiveCfg = Release|Any CPU
		{F13126A2-9429-43FD-A4D5-CE2915C626F7}.Release|Any CPU.Build.0 = Release|Any CPU
		{F13126A2-9429-43FD-A4D5-CE2915C626F7}.Release|ARM.ActiveCfg = Release|Any CPU
		{F13126A2-9429-43FD-A4D5-CE2915C626F7}.Release|x86.ActiveCfg = Release|Any CPU
		{334966CC-1AB2-403A-8F40-75CE3E2D0DAA}.Debug|Any CPU.ActiveCfg = Debug|Any CPU
		{334966CC-1AB2-403A-8F40-75CE3E2D0DAA}.Debug|Any CPU.Build.0 = Debug|Any CPU
		{334966CC-1AB2-403A-8F40-75CE3E2D0DAA}.Debug|ARM.ActiveCfg = Debug|Any CPU
		{334966CC-1AB2-403A-8F40-75CE3E2D0DAA}.Debug|x86.ActiveCfg = Debug|Any CPU
		{334966CC-1AB2-403A-8F40-75CE3E2D0DAA}.Release|Any CPU.ActiveCfg = Release|Any CPU
		{334966CC-1AB2-403A-8F40-75CE3E2D0DAA}.Release|Any CPU.Build.0 = Release|Any CPU
		{334966CC-1AB2-403A-8F40-75CE3E2D0DAA}.Release|ARM.ActiveCfg = Release|Any CPU
		{334966CC-1AB2-403A-8F40-75CE3E2D0DAA}.Release|x86.ActiveCfg = Release|Any CPU
		{6CB51AE9-57C3-4FD2-AAEA-38D281662211}.Debug|Any CPU.ActiveCfg = Debug|Any CPU
		{6CB51AE9-57C3-4FD2-AAEA-38D281662211}.Debug|Any CPU.Build.0 = Debug|Any CPU
		{6CB51AE9-57C3-4FD2-AAEA-38D281662211}.Debug|Any CPU.Deploy.0 = Debug|Any CPU
		{6CB51AE9-57C3-4FD2-AAEA-38D281662211}.Debug|ARM.ActiveCfg = Debug|ARM
		{6CB51AE9-57C3-4FD2-AAEA-38D281662211}.Debug|ARM.Build.0 = Debug|ARM
		{6CB51AE9-57C3-4FD2-AAEA-38D281662211}.Debug|ARM.Deploy.0 = Debug|ARM
		{6CB51AE9-57C3-4FD2-AAEA-38D281662211}.Debug|x86.ActiveCfg = Debug|x86
		{6CB51AE9-57C3-4FD2-AAEA-38D281662211}.Debug|x86.Build.0 = Debug|x86
		{6CB51AE9-57C3-4FD2-AAEA-38D281662211}.Debug|x86.Deploy.0 = Debug|x86
		{6CB51AE9-57C3-4FD2-AAEA-38D281662211}.Release|Any CPU.ActiveCfg = Release|Any CPU
		{6CB51AE9-57C3-4FD2-AAEA-38D281662211}.Release|Any CPU.Build.0 = Release|Any CPU
		{6CB51AE9-57C3-4FD2-AAEA-38D281662211}.Release|Any CPU.Deploy.0 = Release|Any CPU
		{6CB51AE9-57C3-4FD2-AAEA-38D281662211}.Release|ARM.ActiveCfg = Release|ARM
		{6CB51AE9-57C3-4FD2-AAEA-38D281662211}.Release|ARM.Build.0 = Release|ARM
		{6CB51AE9-57C3-4FD2-AAEA-38D281662211}.Release|ARM.Deploy.0 = Release|ARM
		{6CB51AE9-57C3-4FD2-AAEA-38D281662211}.Release|x86.ActiveCfg = Release|x86
		{6CB51AE9-57C3-4FD2-AAEA-38D281662211}.Release|x86.Build.0 = Release|x86
		{6CB51AE9-57C3-4FD2-AAEA-38D281662211}.Release|x86.Deploy.0 = Release|x86
	EndGlobalSection
	GlobalSection(SolutionProperties) = preSolution
		HideSolutionNode = FALSE
	EndGlobalSection
EndGlobal
